
Microsoft Visual Studio Solution File, Format Version 12.00
# Visual Studio Version 17
VisualStudioVersion = 17.14.36202.13 d17.14
MinimumVisualStudioVersion = 10.0.40219.1
Project("{FAE04EC0-301F-11D3-BF4B-00C04F79EFBC}") = "NvsLesson08Annotation", "NvsLesson08Annotation\NvsLesson08Annotation.csproj", "{81644BDF-4987-4003-99BE-87C05EF51EEC}"
EndProject
Global
	GlobalSection(SolutionConfigurationPlatforms) = preSolution
		Debug|Any CPU = Debug|Any CPU
		Release|Any CPU = Release|Any CPU
	EndGlobalSection
	GlobalSection(ProjectConfigurationPlatforms) = postSolution
		{81644BDF-4987-4003-99BE-87C05EF51EEC}.Debug|Any CPU.ActiveCfg = Debug|Any CPU
		{81644BDF-4987-4003-99BE-87C05EF51EEC}.Debug|Any CPU.Build.0 = Debug|Any CPU
		{81644BDF-4987-4003-99BE-87C05EF51EEC}.Release|Any CPU.ActiveCfg = Release|Any CPU
		{81644BDF-4987-4003-99BE-87C05EF51EEC}.Release|Any CPU.Build.0 = Release|Any CPU
	EndGlobalSection
	GlobalSection(SolutionProperties) = preSolution
		HideSolutionNode = FALSE
	EndGlobalSection
	GlobalSection(ExtensibilityGlobals) = postSolution
		SolutionGuid = {EFF9CAF0-396C-4189-B6FC-73E8A9EFFC6D}
	EndGlobalSection
EndGlobal
