
Microsoft Visual Studio Solution File, Format Version 12.00
# Visual Studio Version 17
VisualStudioVersion = 17.14.36202.13 d17.14
MinimumVisualStudioVersion = 10.0.40219.1
Project("{FAE04EC0-301F-11D3-BF4B-00C04F79EFBC}") = "NguyenVanSon_2310900090", "NguyenVanSon_2310900090\NguyenVanSon_2310900090.csproj", "{5CD27A8F-1BA7-453D-BBA4-AD44F481D9B6}"
EndProject
Global
	GlobalSection(SolutionConfigurationPlatforms) = preSolution
		Debug|Any CPU = Debug|Any CPU
		Release|Any CPU = Release|Any CPU
	EndGlobalSection
	GlobalSection(ProjectConfigurationPlatforms) = postSolution
		{5CD27A8F-1BA7-453D-BBA4-AD44F481D9B6}.Debug|Any CPU.ActiveCfg = Debug|Any CPU
		{5CD27A8F-1BA7-453D-BBA4-AD44F481D9B6}.Debug|Any CPU.Build.0 = Debug|Any CPU
		{5CD27A8F-1BA7-453D-BBA4-AD44F481D9B6}.Release|Any CPU.ActiveCfg = Release|Any CPU
		{5CD27A8F-1BA7-453D-BBA4-AD44F481D9B6}.Release|Any CPU.Build.0 = Release|Any CPU
	EndGlobalSection
	GlobalSection(SolutionProperties) = preSolution
		HideSolutionNode = FALSE
	EndGlobalSection
	GlobalSection(ExtensibilityGlobals) = postSolution
		SolutionGuid = {1DD8BC25-2D3C-4AFB-BB29-852B1086E5E7}
	EndGlobalSection
EndGlobal
